
Microsoft Visual Studio Solution File, Format Version 12.00
# Visual Studio 15
VisualStudioVersion = 15.0.28010.2036
MinimumVisualStudioVersion = 10.0.40219.1
Project("{FAE04EC0-301F-11D3-BF4B-00C04F79EFBC}") = "BuildLights.Service", "BuildLights.Service\BuildLights.Service.csproj", "{372C47FD-A4BE-47C0-A3D6-88CDD36D8465}"
EndProject
Project("{FAE04EC0-301F-11D3-BF4B-00C04F79EFBC}") = "BuildLights.WinAppTester", "BuildLights.WinAppTester\BuildLights.WinAppTester.csproj", "{80FB444D-B099-4F9A-8FD9-E606E6401F5D}"
EndProject
Global
	GlobalSection(SolutionConfigurationPlatforms) = preSolution
		Debug|Any CPU = Debug|Any CPU
		Release|Any CPU = Release|Any CPU
	EndGlobalSection
	GlobalSection(ProjectConfigurationPlatforms) = postSolution
		{372C47FD-A4BE-47C0-A3D6-88CDD36D8465}.Debug|Any CPU.ActiveCfg = Debug|Any CPU
		{372C47FD-A4BE-47C0-A3D6-88CDD36D8465}.Debug|Any CPU.Build.0 = Debug|Any CPU
		{372C47FD-A4BE-47C0-A3D6-88CDD36D8465}.Release|Any CPU.ActiveCfg = Release|Any CPU
		{372C47FD-A4BE-47C0-A3D6-88CDD36D8465}.Release|Any CPU.Build.0 = Release|Any CPU
		{80FB444D-B099-4F9A-8FD9-E606E6401F5D}.Debug|Any CPU.ActiveCfg = Debug|Any CPU
		{80FB444D-B099-4F9A-8FD9-E606E6401F5D}.Debug|Any CPU.Build.0 = Debug|Any CPU
		{80FB444D-B099-4F9A-8FD9-E606E6401F5D}.Release|Any CPU.ActiveCfg = Release|Any CPU
		{80FB444D-B099-4F9A-8FD9-E606E6401F5D}.Release|Any CPU.Build.0 = Release|Any CPU
	EndGlobalSection
	GlobalSection(SolutionProperties) = preSolution
		HideSolutionNode = FALSE
	EndGlobalSection
	GlobalSection(ExtensibilityGlobals) = postSolution
		SolutionGuid = {D8977CA3-398B-4A9C-9E5C-B8C94EB05EA5}
	EndGlobalSection
EndGlobal
